{
  "name": "mercy",
  "version": "7.7.7",
  "lockfileVersion": 3,
  "requires": true,
  "packages": {
    "": {
      "name": "mercy",
      "version": "7.7.7",
      "license": "ISC",
      "devDependencies": {
        "undici": "^6.0.0"
      }
    },
    "node_modules/undici": {
      "version": "6.22.0",
      "resolved": "https://registry.npmjs.org/undici/-/undici-6.22.0.tgz",
      "integrity": "sha512-hU/10obOIu62MGYjdskASR3CUAiYaFTtC9Pa6vHyf//mAipSvSQg6od2CnJswq7fvzNS3zJhxoRkgNVaHurWKw==",
      "dev": true,
      "license": "MIT",
      "engines": {
        "node": ">=18.17"
      }
    }
  }
}
